
Microsoft Visual Studio Solution File, Format Version 12.00
# Visual Studio Version 17
VisualStudioVersion = 17.1.32328.378
MinimumVisualStudioVersion = 10.0.40219.1
Project("{9A19103F-16F7-4668-BE54-9A1E7A4F7556}") = "RLBotCS", "RLBotCS\RLBotCS.csproj", "{E99EA002-2A1B-4672-BBEA-2AF9D67A0FE3}"
EndProject
Project("{9A19103F-16F7-4668-BE54-9A1E7A4F7556}") = "RLBotModels", "RLBotModels\RLBotModels.csproj", "{F46726A1-EC2F-4E72-BDB4-47D1A929937B}"
EndProject
Project("{9A19103F-16F7-4668-BE54-9A1E7A4F7556}") = "RLBotCSTests", "RLBotCSTests\RLBotCSTests.csproj", "{1DB880C1-2AA1-4E1B-97AA-642656565457}"
EndProject
Project("{2150E333-8FDC-42A3-9474-1A3956D46DE8}") = "Solution Items", "Solution Items", "{7243CDCC-3DAF-4982-9C05-A7F1E4A5E5E3}"
	ProjectSection(SolutionItems) = preProject
		README.md = README.md
	EndProjectSection
EndProject
Project("{9A19103F-16F7-4668-BE54-9A1E7A4F7556}") = "MatchManager", "MatchManager\MatchManager.csproj", "{52C799D9-9B4A-4B1A-8D0B-2BFAF63B447C}"
EndProject
Global
	GlobalSection(SolutionConfigurationPlatforms) = preSolution
		Debug|Any CPU = Debug|Any CPU
		Release|Any CPU = Release|Any CPU
	EndGlobalSection
	GlobalSection(ProjectConfigurationPlatforms) = postSolution
		{E99EA002-2A1B-4672-BBEA-2AF9D67A0FE3}.Debug|Any CPU.ActiveCfg = Debug|Any CPU
		{E99EA002-2A1B-4672-BBEA-2AF9D67A0FE3}.Debug|Any CPU.Build.0 = Debug|Any CPU
		{E99EA002-2A1B-4672-BBEA-2AF9D67A0FE3}.Release|Any CPU.ActiveCfg = Release|Any CPU
		{E99EA002-2A1B-4672-BBEA-2AF9D67A0FE3}.Release|Any CPU.Build.0 = Release|Any CPU
		{F46726A1-EC2F-4E72-BDB4-47D1A929937B}.Debug|Any CPU.ActiveCfg = Debug|Any CPU
		{F46726A1-EC2F-4E72-BDB4-47D1A929937B}.Debug|Any CPU.Build.0 = Debug|Any CPU
		{F46726A1-EC2F-4E72-BDB4-47D1A929937B}.Release|Any CPU.ActiveCfg = Release|Any CPU
		{F46726A1-EC2F-4E72-BDB4-47D1A929937B}.Release|Any CPU.Build.0 = Release|Any CPU
		{1DB880C1-2AA1-4E1B-97AA-642656565457}.Debug|Any CPU.ActiveCfg = Debug|Any CPU
		{1DB880C1-2AA1-4E1B-97AA-642656565457}.Debug|Any CPU.Build.0 = Debug|Any CPU
		{1DB880C1-2AA1-4E1B-97AA-642656565457}.Release|Any CPU.ActiveCfg = Release|Any CPU
		{1DB880C1-2AA1-4E1B-97AA-642656565457}.Release|Any CPU.Build.0 = Release|Any CPU
		{52C799D9-9B4A-4B1A-8D0B-2BFAF63B447C}.Debug|Any CPU.ActiveCfg = Debug|Any CPU
		{52C799D9-9B4A-4B1A-8D0B-2BFAF63B447C}.Debug|Any CPU.Build.0 = Debug|Any CPU
		{52C799D9-9B4A-4B1A-8D0B-2BFAF63B447C}.Release|Any CPU.ActiveCfg = Release|Any CPU
		{52C799D9-9B4A-4B1A-8D0B-2BFAF63B447C}.Release|Any CPU.Build.0 = Release|Any CPU
	EndGlobalSection
	GlobalSection(SolutionProperties) = preSolution
		HideSolutionNode = FALSE
	EndGlobalSection
	GlobalSection(ExtensibilityGlobals) = postSolution
		SolutionGuid = {97CC0864-B02D-4F73-AEC0-6EC345382574}
	EndGlobalSection
EndGlobal
